
Microsoft Visual Studio Solution File, Format Version 12.00
# Visual Studio Version 17
VisualStudioVersion = 17.4.33122.133
MinimumVisualStudioVersion = 10.0.40219.1
Project("{FAE04EC0-301F-11D3-BF4B-00C04F79EFBC}") = "yevgeller_v3", "yevgeller_v3.csproj", "{2C6B01B3-0EE3-4968-81F3-21FA51D54005}"
EndProject
Global
	GlobalSection(SolutionConfigurationPlatforms) = preSolution
		Debug|Any CPU = Debug|Any CPU
		Release|Any CPU = Release|Any CPU
	EndGlobalSection
	GlobalSection(ProjectConfigurationPlatforms) = postSolution
		{2C6B01B3-0EE3-4968-81F3-21FA51D54005}.Debug|Any CPU.ActiveCfg = Debug|Any CPU
		{2C6B01B3-0EE3-4968-81F3-21FA51D54005}.Debug|Any CPU.Build.0 = Debug|Any CPU
		{2C6B01B3-0EE3-4968-81F3-21FA51D54005}.Release|Any CPU.ActiveCfg = Release|Any CPU
		{2C6B01B3-0EE3-4968-81F3-21FA51D54005}.Release|Any CPU.Build.0 = Release|Any CPU
	EndGlobalSection
	GlobalSection(SolutionProperties) = preSolution
		HideSolutionNode = FALSE
	EndGlobalSection
	GlobalSection(ExtensibilityGlobals) = postSolution
		SolutionGuid = {51C69A51-471F-4FB6-8DA8-6DC1DC1D8F35}
	EndGlobalSection
EndGlobal
